<?xml version="1.0" encoding="UTF-8" standalone="yes" ?>
<CodeBlocks_project_file>
	<FileVersion major="1" minor="6" />
	<Project>
		<Option title="debug_logger" />
		<Option pch_mode="2" />
		<Option compiler="gcc" />
		<Build>
			<Target title="Debug">
				<Option output="bin/Debug/cpptest3" prefix_auto="1" extension_auto="1" />
				<Option object_output="obj/Debug/" />
				<Option type="1" />
				<Option compiler="gcc" />
				<Compiler>
					<Add option="-std=c++0x" />
					<Add option="-g" />
				</Compiler>
			</Target>
		</Build>
		<Compiler>
			<Add option="-Wall" />
			<Add option="-std=c++11" />
			<Add option="-fexceptions" />
		</Compiler>
		<Unit filename="debugresolve.cpp" />
		<Unit filename="debugresolve.h" />
		<Unit filename="debuglog.cpp" />
		<Unit filename="debuglog.h" />
		<Unit filename="debugwatch.h" />
		<Unit filename="objlog.cpp" />
		<Unit filename="objlog.h" />
		<Unit filename="properties_ext.h" />
		<Unit filename="tests/main.cpp" />
		<Unit filename="tests/test_objlog.cpp" />
		<Unit filename="tests/test_sentry.cpp" />
		<Unit filename="tests/test_tostr.cpp" />
		<Unit filename="tests/test_watcher.cpp" />
		<Unit filename="tostr.h" />
		<Unit filename="tostr_handler.cpp" />
		<Unit filename="tostr_handler.h" />
		<Extensions>
			<code_completion />
			<envvars />
			<debugger />
		</Extensions>
	</Project>
</CodeBlocks_project_file>
